
Microsoft Visual Studio Solution File, Format Version 12.00
# Visual Studio Version 17
VisualStudioVersion = 17.5.33516.290
MinimumVisualStudioVersion = 10.0.40219.1
Project("{8BC9CEB8-8B4A-11D0-8D11-00A0C91BC942}") = "Statistics_project", "Statistics_project\Statistics_project.vcxproj", "{465CD36A-E8C3-4D92-BEB5-F668122C235F}"
EndProject
Global
	GlobalSection(SolutionConfigurationPlatforms) = preSolution
		Debug|x64 = Debug|x64
		Debug|x86 = Debug|x86
		Release|x64 = Release|x64
		Release|x86 = Release|x86
	EndGlobalSection
	GlobalSection(ProjectConfigurationPlatforms) = postSolution
		{465CD36A-E8C3-4D92-BEB5-F668122C235F}.Debug|x64.ActiveCfg = Debug|x64
		{465CD36A-E8C3-4D92-BEB5-F668122C235F}.Debug|x64.Build.0 = Debug|x64
		{465CD36A-E8C3-4D92-BEB5-F668122C235F}.Debug|x86.ActiveCfg = Debug|Win32
		{465CD36A-E8C3-4D92-BEB5-F668122C235F}.Debug|x86.Build.0 = Debug|Win32
		{465CD36A-E8C3-4D92-BEB5-F668122C235F}.Release|x64.ActiveCfg = Release|x64
		{465CD36A-E8C3-4D92-BEB5-F668122C235F}.Release|x64.Build.0 = Release|x64
		{465CD36A-E8C3-4D92-BEB5-F668122C235F}.Release|x86.ActiveCfg = Release|Win32
		{465CD36A-E8C3-4D92-BEB5-F668122C235F}.Release|x86.Build.0 = Release|Win32
	EndGlobalSection
	GlobalSection(SolutionProperties) = preSolution
		HideSolutionNode = FALSE
	EndGlobalSection
	GlobalSection(ExtensibilityGlobals) = postSolution
		SolutionGuid = {06CC4AC0-B073-4640-A0C9-9331B98B19C1}
	EndGlobalSection
EndGlobal
